// !$*UTF8*$!
{
	archiveVersion = 1;
	classes = {
	};
	objectVersion = 46;
	objects = {

/* Begin PBXBuildFile section */
		D7A07D211EF7B176005CDA92 /* main.m in Sources */ = {isa = PBXBuildFile; fileRef = D7A07D201EF7B176005CDA92 /* main.m */; };
		D7A07D2A1EF7B176005CDA92 /* Main.storyboard in Resources */ = {isa = PBXBuildFile; fileRef = D7A07D281EF7B176005CDA92 /* Main.storyboard */; };
		D7A07D2C1EF7B176005CDA92 /* Assets.xcassets in Resources */ = {isa = PBXBuildFile; fileRef = D7A07D2B1EF7B176005CDA92 /* Assets.xcassets */; };
		D7A07D2F1EF7B176005CDA92 /* LaunchScreen.storyboard in Resources */ = {isa = PBXBuildFile; fileRef = D7A07D2D1EF7B176005CDA92 /* LaunchScreen.storyboard */; };
		D7A07D3A1EF7B177005CDA92 /* ZXLLiveTests.m in Sources */ = {isa = PBXBuildFile; fileRef = D7A07D391EF7B177005CDA92 /* ZXLLiveTests.m */; };
		D7A07D451EF7B177005CDA92 /* ZXLLiveUITests.m in Sources */ = {isa = PBXBuildFile; fileRef = D7A07D441EF7B177005CDA92 /* ZXLLiveUITests.m */; };
		D7A07D571EF7B362005CDA92 /* ViewController.m in Sources */ = {isa = PBXBuildFile; fileRef = D7A07D561EF7B362005CDA92 /* ViewController.m */; };
		D7A07D5A1EF7B369005CDA92 /* AppDelegate.m in Sources */ = {isa = PBXBuildFile; fileRef = D7A07D591EF7B369005CDA92 /* AppDelegate.m */; };
/* End PBXBuildFile section */

/* Begin PBXContainerItemProxy section */
		D7A07D361EF7B177005CDA92 /* PBXContainerItemProxy */ = {
			isa = PBXContainerItemProxy;
			containerPortal = D7A07D141EF7B176005CDA92 /* Project object */;
			proxyType = 1;
			remoteGlobalIDString = D7A07D1B1EF7B176005CDA92;
			remoteInfo = ZXLLive;
		};
		D7A07D411EF7B177005CDA92 /* PBXContainerItemProxy */ = {
			isa = PBXContainerItemProxy;
			containerPortal = D7A07D141EF7B176005CDA92 /* Project object */;
			proxyType = 1;
			remoteGlobalIDString = D7A07D1B1EF7B176005CDA92;
			remoteInfo = ZXLLive;
		};
/* End PBXContainerItemProxy section */

/* Begin PBXFileReference section */
		D7A07D1C1EF7B176005CDA92 /* ZXLLive.app */ = {isa = PBXFileReference; explicitFileType = wrapper.application; includeInIndex = 0; path = ZXLLive.app; sourceTree = BUILT_PRODUCTS_DIR; };
		D7A07D201EF7B176005CDA92 /* main.m */ = {isa = PBXFileReference; lastKnownFileType = sourcecode.c.objc; path = main.m; sourceTree = "<group>"; };
		D7A07D291EF7B176005CDA92 /* Base */ = {isa = PBXFileReference; lastKnownFileType = file.storyboard; name = Base; path = Base.lproj/Main.storyboard; sourceTree = "<group>"; };
		D7A07D2B1EF7B176005CDA92 /* Assets.xcassets */ = {isa = PBXFileReference; lastKnownFileType = folder.assetcatalog; path = Assets.xcassets; sourceTree = "<group>"; };
		D7A07D2E1EF7B176005CDA92 /* Base */ = {isa = PBXFileReference; lastKnownFileType = file.storyboard; name = Base; path = Base.lproj/LaunchScreen.storyboard; sourceTree = "<group>"; };
		D7A07D301EF7B176005CDA92 /* Info.plist */ = {isa = PBXFileReference; lastKnownFileType = text.plist.xml; path = Info.plist; sourceTree = "<group>"; };
		D7A07D351EF7B177005CDA92 /* ZXLLiveTests.xctest */ = {isa = PBXFileReference; explicitFileType = wrapper.cfbundle; includeInIndex = 0; path = ZXLLiveTests.xctest; sourceTree = BUILT_PRODUCTS_DIR; };
		D7A07D391EF7B177005CDA92 /* ZXLLiveTests.m */ = {isa = PBXFileReference; lastKnownFileType = sourcecode.c.objc; path = ZXLLiveTests.m; sourceTree = "<group>"; };
		D7A07D3B1EF7B177005CDA92 /* Info.plist */ = {isa = PBXFileReference; lastKnownFileType = text.plist.xml; path = Info.plist; sourceTree = "<group>"; };
		D7A07D401EF7B177005CDA92 /* ZXLLiveUITests.xctest */ = {isa = PBXFileReference; explicitFileType = wrapper.cfbundle; includeInIndex = 0; path = ZXLLiveUITests.xctest; sourceTree = BUILT_PRODUCTS_DIR; };
		D7A07D441EF7B177005CDA92 /* ZXLLiveUITests.m */ = {isa = PBXFileReference; lastKnownFileType = sourcecode.c.objc; path = ZXLLiveUITests.m; sourceTree = "<group>"; };
		D7A07D461EF7B177005CDA92 /* Info.plist */ = {isa = PBXFileReference; lastKnownFileType = text.plist.xml; path = Info.plist; sourceTree = "<group>"; };
		D7A07D551EF7B362005CDA92 /* ViewController.h */ = {isa = PBXFileReference; fileEncoding = 4; lastKnownFileType = sourcecode.c.h; name = ViewController.h; path = Classes/ViewController.h; sourceTree = "<group>"; };
		D7A07D561EF7B362005CDA92 /* ViewController.m */ = {isa = PBXFileReference; fileEncoding = 4; lastKnownFileType = sourcecode.c.objc; name = ViewController.m; path = Classes/ViewController.m; sourceTree = "<group>"; };
		D7A07D581EF7B369005CDA92 /* AppDelegate.h */ = {isa = PBXFileReference; fileEncoding = 4; lastKnownFileType = sourcecode.c.h; path = AppDelegate.h; sourceTree = "<group>"; };
		D7A07D591EF7B369005CDA92 /* AppDelegate.m */ = {isa = PBXFileReference; fileEncoding = 4; lastKnownFileType = sourcecode.c.objc; path = AppDelegate.m; sourceTree = "<group>"; };
/* End PBXFileReference section */

/* Begin PBXFrameworksBuildPhase section */
		D7A07D191EF7B176005CDA92 /* Frameworks */ = {
			isa = PBXFrameworksBuildPhase;
			buildActionMask = 2147483647;
			files = (
			);
			runOnlyForDeploymentPostprocessing = 0;
		};
		D7A07D321EF7B177005CDA92 /* Frameworks */ = {
			isa = PBXFrameworksBuildPhase;
			buildActionMask = 2147483647;
			files = (
			);
			runOnlyForDeploymentPostprocessing = 0;
		};
		D7A07D3D1EF7B177005CDA92 /* Frameworks */ = {
			isa = PBXFrameworksBuildPhase;
			buildActionMask = 2147483647;
			files = (
			);
			runOnlyForDeploymentPostprocessing = 0;
		};
/* End PBXFrameworksBuildPhase section */

/* Begin PBXGroup section */
		D7A07D131EF7B176005CDA92 = {
			isa = PBXGroup;
			children = (
				D7A07D1E1EF7B176005CDA92 /* ZXLLive */,
				D7A07D381EF7B177005CDA92 /* ZXLLiveTests */,
				D7A07D431EF7B177005CDA92 /* ZXLLiveUITests */,
				D7A07D1D1EF7B176005CDA92 /* Products */,
			);
			sourceTree = "<group>";
		};
		D7A07D1D1EF7B176005CDA92 /* Products */ = {
			isa = PBXGroup;
			children = (
				D7A07D1C1EF7B176005CDA92 /* ZXLLive.app */,
				D7A07D351EF7B177005CDA92 /* ZXLLiveTests.xctest */,
				D7A07D401EF7B177005CDA92 /* ZXLLiveUITests.xctest */,
			);
			name = Products;
			sourceTree = "<group>";
		};
		D7A07D1E1EF7B176005CDA92 /* ZXLLive */ = {
			isa = PBXGroup;
			children = (
				D7A07D2B1EF7B176005CDA92 /* Assets.xcassets */,
				D7A07D301EF7B176005CDA92 /* Info.plist */,
				D7A07D521EF7B309005CDA92 /* Classes */,
				D7A07D1F1EF7B176005CDA92 /* Supporting Files */,
			);
			path = ZXLLive;
			sourceTree = "<group>";
		};
		D7A07D1F1EF7B176005CDA92 /* Supporting Files */ = {
			isa = PBXGroup;
			children = (
				D7A07D551EF7B362005CDA92 /* ViewController.h */,
				D7A07D561EF7B362005CDA92 /* ViewController.m */,
				D7A07D281EF7B176005CDA92 /* Main.storyboard */,
				D7A07D2D1EF7B176005CDA92 /* LaunchScreen.storyboard */,
				D7A07D201EF7B176005CDA92 /* main.m */,
			);
			name = "Supporting Files";
			sourceTree = "<group>";
		};
		D7A07D381EF7B177005CDA92 /* ZXLLiveTests */ = {
			isa = PBXGroup;
			children = (
				D7A07D391EF7B177005CDA92 /* ZXLLiveTests.m */,
				D7A07D3B1EF7B177005CDA92 /* Info.plist */,
			);
			path = ZXLLiveTests;
			sourceTree = "<group>";
		};
		D7A07D431EF7B177005CDA92 /* ZXLLiveUITests */ = {
			isa = PBXGroup;
			children = (
				D7A07D441EF7B177005CDA92 /* ZXLLiveUITests.m */,
				D7A07D461EF7B177005CDA92 /* Info.plist */,
			);
			path = ZXLLiveUITests;
			sourceTree = "<group>";
		};
		D7A07D521EF7B309005CDA92 /* Classes */ = {
			isa = PBXGroup;
			children = (
				D7A07D581EF7B369005CDA92 /* AppDelegate.h */,
				D7A07D591EF7B369005CDA92 /* AppDelegate.m */,
				D7A07D531EF7B309005CDA92 /* AVCollect */,
				D7A07D541EF7B309005CDA92 /* Main */,
			);
			path = Classes;
			sourceTree = "<group>";
		};
		D7A07D531EF7B309005CDA92 /* AVCollect */ = {
			isa = PBXGroup;
			children = (
			);
			path = AVCollect;
			sourceTree = "<group>";
		};
		D7A07D541EF7B309005CDA92 /* Main */ = {
			isa = PBXGroup;
			children = (
			);
			path = Main;
			sourceTree = "<group>";
		};
/* End PBXGroup section */

/* Begin PBXNativeTarget section */
		D7A07D1B1EF7B176005CDA92 /* ZXLLive */ = {
			isa = PBXNativeTarget;
			buildConfigurationList = D7A07D491EF7B177005CDA92 /* Build configuration list for PBXNativeTarget "ZXLLive" */;
			buildPhases = (
				D7A07D181EF7B176005CDA92 /* Sources */,
				D7A07D191EF7B176005CDA92 /* Frameworks */,
				D7A07D1A1EF7B176005CDA92 /* Resources */,
			);
			buildRules = (
			);
			dependencies = (
			);
			name = ZXLLive;
			productName = ZXLLive;
			productReference = D7A07D1C1EF7B176005CDA92 /* ZXLLive.app */;
			productType = "com.apple.product-type.application";
		};
		D7A07D341EF7B177005CDA92 /* ZXLLiveTests */ = {
			isa = PBXNativeTarget;
			buildConfigurationList = D7A07D4C1EF7B177005CDA92 /* Build configuration list for PBXNativeTarget "ZXLLiveTests" */;
			buildPhases = (
				D7A07D311EF7B177005CDA92 /* Sources */,
				D7A07D321EF7B177005CDA92 /* Frameworks */,
				D7A07D331EF7B177005CDA92 /* Resources */,
			);
			buildRules = (
			);
			dependencies = (
				D7A07D371EF7B177005CDA92 /* PBXTargetDependency */,
			);
			name = ZXLLiveTests;
			productName = ZXLLiveTests;
			productReference = D7A07D351EF7B177005CDA92 /* ZXLLiveTests.xctest */;
			productType = "com.apple.product-type.bundle.unit-test";
		};
		D7A07D3F1EF7B177005CDA92 /* ZXLLiveUITests */ = {
			isa = PBXNativeTarget;
			buildConfigurationList = D7A07D4F1EF7B177005CDA92 /* Build configuration list for PBXNativeTarget "ZXLLiveUITests" */;
			buildPhases = (
				D7A07D3C1EF7B177005CDA92 /* Sources */,
				D7A07D3D1EF7B177005CDA92 /* Frameworks */,
				D7A07D3E1EF7B177005CDA92 /* Resources */,
			);
			buildRules = (
			);
			dependencies = (
				D7A07D421EF7B177005CDA92 /* PBXTargetDependency */,
			);
			name = ZXLLiveUITests;
			productName = ZXLLiveUITests;
			productReference = D7A07D401EF7B177005CDA92 /* ZXLLiveUITests.xctest */;
			productType = "com.apple.product-type.bundle.ui-testing";
		};
/* End PBXNativeTarget section */

/* Begin PBXProject section */
		D7A07D141EF7B176005CDA92 /* Project object */ = {
			isa = PBXProject;
			attributes = {
				LastUpgradeCheck = 0830;
				ORGANIZATIONNAME = zxl;
				TargetAttributes = {
					D7A07D1B1EF7B176005CDA92 = {
						CreatedOnToolsVersion = 8.3.2;
						DevelopmentTeam = S4HH4QULF9;
						ProvisioningStyle = Automatic;
					};
					D7A07D341EF7B177005CDA92 = {
						CreatedOnToolsVersion = 8.3.2;
						DevelopmentTeam = S4HH4QULF9;
						ProvisioningStyle = Automatic;
						TestTargetID = D7A07D1B1EF7B176005CDA92;
					};
					D7A07D3F1EF7B177005CDA92 = {
						CreatedOnToolsVersion = 8.3.2;
						DevelopmentTeam = S4HH4QULF9;
						ProvisioningStyle = Automatic;
						TestTargetID = D7A07D1B1EF7B176005CDA92;
					};
				};
			};
			buildConfigurationList = D7A07D171EF7B176005CDA92 /* Build configuration list for PBXProject "ZXLLive" */;
			compatibilityVersion = "Xcode 3.2";
			developmentRegion = English;
			hasScannedForEncodings = 0;
			knownRegions = (
				en,
				Base,
			);
			mainGroup = D7A07D131EF7B176005CDA92;
			productRefGroup = D7A07D1D1EF7B176005CDA92 /* Products */;
			projectDirPath = "";
			projectRoot = "";
			targets = (
				D7A07D1B1EF7B176005CDA92 /* ZXLLive */,
				D7A07D341EF7B177005CDA92 /* ZXLLiveTests */,
				D7A07D3F1EF7B177005CDA92 /* ZXLLiveUITests */,
			);
		};
/* End PBXProject section */

/* Begin PBXResourcesBuildPhase section */
		D7A07D1A1EF7B176005CDA92 /* Resources */ = {
			isa = PBXResourcesBuildPhase;
			buildActionMask = 2147483647;
			files = (
				D7A07D2F1EF7B176005CDA92 /* LaunchScreen.storyboard in Resources */,
				D7A07D2C1EF7B176005CDA92 /* Assets.xcassets in Resources */,
				D7A07D2A1EF7B176005CDA92 /* Main.storyboard in Resources */,
			);
			runOnlyForDeploymentPostprocessing = 0;
		};
		D7A07D331EF7B177005CDA92 /* Resources */ = {
			isa = PBXResourcesBuildPhase;
			buildActionMask = 2147483647;
			files = (
			);
			runOnlyForDeploymentPostprocessing = 0;
		};
		D7A07D3E1EF7B177005CDA92 /* Resources */ = {
			isa = PBXResourcesBuildPhase;
			buildActionMask = 2147483647;
			files = (
			);
			runOnlyForDeploymentPostprocessing = 0;
		};
/* End PBXResourcesBuildPhase section */

/* Begin PBXSourcesBuildPhase section */
		D7A07D181EF7B176005CDA92 /* Sources */ = {
			isa = PBXSourcesBuildPhase;
			buildActionMask = 2147483647;
			files = (
				D7A07D571EF7B362005CDA92 /* ViewController.m in Sources */,
				D7A07D211EF7B176005CDA92 /* main.m in Sources */,
				D7A07D5A1EF7B369005CDA92 /* AppDelegate.m in Sources */,
			);
			runOnlyForDeploymentPostprocessing = 0;
		};
		D7A07D311EF7B177005CDA92 /* Sources */ = {
			isa = PBXSourcesBuildPhase;
			buildActionMask = 2147483647;
			files = (
				D7A07D3A1EF7B177005CDA92 /* ZXLLiveTests.m in Sources */,
			);
			runOnlyForDeploymentPostprocessing = 0;
		};
		D7A07D3C1EF7B177005CDA92 /* Sources */ = {
			isa = PBXSourcesBuildPhase;
			buildActionMask = 2147483647;
			files = (
				D7A07D451EF7B177005CDA92 /* ZXLLiveUITests.m in Sources */,
			);
			runOnlyForDeploymentPostprocessing = 0;
		};
/* End PBXSourcesBuildPhase section */

/* Begin PBXTargetDependency section */
		D7A07D371EF7B177005CDA92 /* PBXTargetDependency */ = {
			isa = PBXTargetDependency;
			target = D7A07D1B1EF7B176005CDA92 /* ZXLLive */;
			targetProxy = D7A07D361EF7B177005CDA92 /* PBXContainerItemProxy */;
		};
		D7A07D421EF7B177005CDA92 /* PBXTargetDependency */ = {
			isa = PBXTargetDependency;
			target = D7A07D1B1EF7B176005CDA92 /* ZXLLive */;
			targetProxy = D7A07D411EF7B177005CDA92 /* PBXContainerItemProxy */;
		};
/* End PBXTargetDependency section */

/* Begin PBXVariantGroup section */
		D7A07D281EF7B176005CDA92 /* Main.storyboard */ = {
			isa = PBXVariantGroup;
			children = (
				D7A07D291EF7B176005CDA92 /* Base */,
			);
			name = Main.storyboard;
			sourceTree = "<group>";
		};
		D7A07D2D1EF7B176005CDA92 /* LaunchScreen.storyboard */ = {
			isa = PBXVariantGroup;
			children = (
				D7A07D2E1EF7B176005CDA92 /* Base */,
			);
			name = LaunchScreen.storyboard;
			sourceTree = "<group>";
		};
/* End PBXVariantGroup section */

/* Begin XCBuildConfiguration section */
		D7A07D471EF7B177005CDA92 /* Debug */ = {
			isa = XCBuildConfiguration;
			buildSettings = {
				ALWAYS_SEARCH_USER_PATHS = NO;
				CLANG_ANALYZER_NONNULL = YES;
				CLANG_ANALYZER_NUMBER_OBJECT_CONVERSION = YES_AGGRESSIVE;
				CLANG_CXX_LANGUAGE_STANDARD = "gnu++0x";
				CLANG_CXX_LIBRARY = "libc++";
				CLANG_ENABLE_MODULES = YES;
				CLANG_ENABLE_OBJC_ARC = YES;
				CLANG_WARN_BOOL_CONVERSION = YES;
				CLANG_WARN_CONSTANT_CONVERSION = YES;
				CLANG_WARN_DIRECT_OBJC_ISA_USAGE = YES_ERROR;
				CLANG_WARN_DOCUMENTATION_COMMENTS = YES;
				CLANG_WARN_EMPTY_BODY = YES;
				CLANG_WARN_ENUM_CONVERSION = YES;
				CLANG_WARN_INFINITE_RECURSION = YES;
				CLANG_WARN_INT_CONVERSION = YES;
				CLANG_WARN_OBJC_ROOT_CLASS = YES_ERROR;
				CLANG_WARN_SUSPICIOUS_MOVE = YES;
				CLANG_WARN_UNREACHABLE_CODE = YES;
				CLANG_WARN__DUPLICATE_METHOD_MATCH = YES;
				"CODE_SIGN_IDENTITY[sdk=iphoneos*]" = "iPhone Developer";
				COPY_PHASE_STRIP = NO;
				DEBUG_INFORMATION_FORMAT = dwarf;
				ENABLE_STRICT_OBJC_MSGSEND = YES;
				ENABLE_TESTABILITY = YES;
				GCC_C_LANGUAGE_STANDARD = gnu99;
				GCC_DYNAMIC_NO_PIC = NO;
				GCC_NO_COMMON_BLOCKS = YES;
				GCC_OPTIMIZATION_LEVEL = 0;
				GCC_PREPROCESSOR_DEFINITIONS = (
					"DEBUG=1",
					"$(inherited)",
				);
				GCC_WARN_64_TO_32_BIT_CONVERSION = YES;
				GCC_WARN_ABOUT_RETURN_TYPE = YES_ERROR;
				GCC_WARN_UNDECLARED_SELECTOR = YES;
				GCC_WARN_UNINITIALIZED_AUTOS = YES_AGGRESSIVE;
				GCC_WARN_UNUSED_FUNCTION = YES;
				GCC_WARN_UNUSED_VARIABLE = YES;
				IPHONEOS_DEPLOYMENT_TARGET = 10.3;
				MTL_ENABLE_DEBUG_INFO = YES;
				ONLY_ACTIVE_ARCH = YES;
				SDKROOT = iphoneos;
				TARGETED_DEVICE_FAMILY = "1,2";
			};
			name = Debug;
		};
		D7A07D481EF7B177005CDA92 /* Release */ = {
			isa = XCBuildConfiguration;
			buildSettings = {
				ALWAYS_SEARCH_USER_PATHS = NO;
				CLANG_ANALYZER_NONNULL = YES;
				CLANG_ANALYZER_NUMBER_OBJECT_CONVERSION = YES_AGGRESSIVE;
				CLANG_CXX_LANGUAGE_STANDARD = "gnu++0x";
				CLANG_CXX_LIBRARY = "libc++";
				CLANG_ENABLE_MODULES = YES;
				CLANG_ENABLE_OBJC_ARC = YES;
				CLANG_WARN_BOOL_CONVERSION = YES;
				CLANG_WARN_CONSTANT_CONVERSION = YES;
				CLANG_WARN_DIRECT_OBJC_ISA_USAGE = YES_ERROR;
				CLANG_WARN_DOCUMENTATION_COMMENTS = YES;
				CLANG_WARN_EMPTY_BODY = YES;
				CLANG_WARN_ENUM_CONVERSION = YES;
				CLANG_WARN_INFINITE_RECURSION = YES;
				CLANG_WARN_INT_CONVERSION = YES;
				CLANG_WARN_OBJC_ROOT_CLASS = YES_ERROR;
				CLANG_WARN_SUSPICIOUS_MOVE = YES;
				CLANG_WARN_UNREACHABLE_CODE = YES;
				CLANG_WARN__DUPLICATE_METHOD_MATCH = YES;
				"CODE_SIGN_IDENTITY[sdk=iphoneos*]" = "iPhone Developer";
				COPY_PHASE_STRIP = NO;
				DEBUG_INFORMATION_FORMAT = "dwarf-with-dsym";
				ENABLE_NS_ASSERTIONS = NO;
				ENABLE_STRICT_OBJC_MSGSEND = YES;
				GCC_C_LANGUAGE_STANDARD = gnu99;
				GCC_NO_COMMON_BLOCKS = YES;
				GCC_WARN_64_TO_32_BIT_CONVERSION = YES;
				GCC_WARN_ABOUT_RETURN_TYPE = YES_ERROR;
				GCC_WARN_UNDECLARED_SELECTOR = YES;
				GCC_WARN_UNINITIALIZED_AUTOS = YES_AGGRESSIVE;
				GCC_WARN_UNUSED_FUNCTION = YES;
				GCC_WARN_UNUSED_VARIABLE = YES;
				IPHONEOS_DEPLOYMENT_TARGET = 10.3;
				MTL_ENABLE_DEBUG_INFO = NO;
				SDKROOT = iphoneos;
				TARGETED_DEVICE_FAMILY = "1,2";
				VALIDATE_PRODUCT = YES;
			};
			name = Release;
		};
		D7A07D4A1EF7B177005CDA92 /* Debug */ = {
			isa = XCBuildConfiguration;
			buildSettings = {
				ASSETCATALOG_COMPILER_APPICON_NAME = AppIcon;
				DEVELOPMENT_TEAM = S4HH4QULF9;
				INFOPLIST_FILE = ZXLLive/Info.plist;
				LD_RUNPATH_SEARCH_PATHS = "$(inherited) @executable_path/Frameworks";
				PRODUCT_BUNDLE_IDENTIFIER = com.zxl.ZXLLive;
				PRODUCT_NAME = "$(TARGET_NAME)";
			};
			name = Debug;
		};
		D7A07D4B1EF7B177005CDA92 /* Release */ = {
			isa = XCBuildConfiguration;
			buildSettings = {
				ASSETCATALOG_COMPILER_APPICON_NAME = AppIcon;
				DEVELOPMENT_TEAM = S4HH4QULF9;
				INFOPLIST_FILE = ZXLLive/Info.plist;
				LD_RUNPATH_SEARCH_PATHS = "$(inherited) @executable_path/Frameworks";
				PRODUCT_BUNDLE_IDENTIFIER = com.zxl.ZXLLive;
				PRODUCT_NAME = "$(TARGET_NAME)";
			};
			name = Release;
		};
		D7A07D4D1EF7B177005CDA92 /* Debug */ = {
			isa = XCBuildConfiguration;
			buildSettings = {
				BUNDLE_LOADER = "$(TEST_HOST)";
				DEVELOPMENT_TEAM = S4HH4QULF9;
				INFOPLIST_FILE = ZXLLiveTests/Info.plist;
				LD_RUNPATH_SEARCH_PATHS = "$(inherited) @executable_path/Frameworks @loader_path/Frameworks";
				PRODUCT_BUNDLE_IDENTIFIER = com.zxl.ZXLLiveTests;
				PRODUCT_NAME = "$(TARGET_NAME)";
				TEST_HOST = "$(BUILT_PRODUCTS_DIR)/ZXLLive.app/ZXLLive";
			};
			name = Debug;
		};
		D7A07D4E1EF7B177005CDA92 /* Release */ = {
			isa = XCBuildConfiguration;
			buildSettings = {
				BUNDLE_LOADER = "$(TEST_HOST)";
				DEVELOPMENT_TEAM = S4HH4QULF9;
				INFOPLIST_FILE = ZXLLiveTests/Info.plist;
				LD_RUNPATH_SEARCH_PATHS = "$(inherited) @executable_path/Frameworks @loader_path/Frameworks";
				PRODUCT_BUNDLE_IDENTIFIER = com.zxl.ZXLLiveTests;
				PRODUCT_NAME = "$(TARGET_NAME)";
				TEST_HOST = "$(BUILT_PRODUCTS_DIR)/ZXLLive.app/ZXLLive";
			};
			name = Release;
		};
		D7A07D501EF7B177005CDA92 /* Debug */ = {
			isa = XCBuildConfiguration;
			buildSettings = {
				DEVELOPMENT_TEAM = S4HH4QULF9;
				INFOPLIST_FILE = ZXLLiveUITests/Info.plist;
				LD_RUNPATH_SEARCH_PATHS = "$(inherited) @executable_path/Frameworks @loader_path/Frameworks";
				PRODUCT_BUNDLE_IDENTIFIER = com.zxl.ZXLLiveUITests;
				PRODUCT_NAME = "$(TARGET_NAME)";
				TEST_TARGET_NAME = ZXLLive;
			};
			name = Debug;
		};
		D7A07D511EF7B177005CDA92 /* Release */ = {
			isa = XCBuildConfiguration;
			buildSettings = {
				DEVELOPMENT_TEAM = S4HH4QULF9;
				INFOPLIST_FILE = ZXLLiveUITests/Info.plist;
				LD_RUNPATH_SEARCH_PATHS = "$(inherited) @executable_path/Frameworks @loader_path/Frameworks";
				PRODUCT_BUNDLE_IDENTIFIER = com.zxl.ZXLLiveUITests;
				PRODUCT_NAME = "$(TARGET_NAME)";
				TEST_TARGET_NAME = ZXLLive;
			};
			name = Release;
		};
/* End XCBuildConfiguration section */

/* Begin XCConfigurationList section */
		D7A07D171EF7B176005CDA92 /* Build configuration list for PBXProject "ZXLLive" */ = {
			isa = XCConfigurationList;
			buildConfigurations = (
				D7A07D471EF7B177005CDA92 /* Debug */,
				D7A07D481EF7B177005CDA92 /* Release */,
			);
			defaultConfigurationIsVisible = 0;
			defaultConfigurationName = Release;
		};
		D7A07D491EF7B177005CDA92 /* Build configuration list for PBXNativeTarget "ZXLLive" */ = {
			isa = XCConfigurationList;
			buildConfigurations = (
				D7A07D4A1EF7B177005CDA92 /* Debug */,
				D7A07D4B1EF7B177005CDA92 /* Release */,
			);
			defaultConfigurationIsVisible = 0;
			defaultConfigurationName = Release;
		};
		D7A07D4C1EF7B177005CDA92 /* Build configuration list for PBXNativeTarget "ZXLLiveTests" */ = {
			isa = XCConfigurationList;
			buildConfigurations = (
				D7A07D4D1EF7B177005CDA92 /* Debug */,
				D7A07D4E1EF7B177005CDA92 /* Release */,
			);
			defaultConfigurationIsVisible = 0;
			defaultConfigurationName = Release;
		};
		D7A07D4F1EF7B177005CDA92 /* Build configuration list for PBXNativeTarget "ZXLLiveUITests" */ = {
			isa = XCConfigurationList;
			buildConfigurations = (
				D7A07D501EF7B177005CDA92 /* Debug */,
				D7A07D511EF7B177005CDA92 /* Release */,
			);
			defaultConfigurationIsVisible = 0;
			defaultConfigurationName = Release;
		};
/* End XCConfigurationList section */
	};
	rootObject = D7A07D141EF7B176005CDA92 /* Project object */;
}
